
Microsoft Visual Studio Solution File, Format Version 12.00
# Visual Studio Version 16
VisualStudioVersion = 16.0.31424.327
MinimumVisualStudioVersion = 10.0.40219.1
Project("{FAE04EC0-301F-11D3-BF4B-00C04F79EFBC}") = "Expense_Tracker_By_Towhid", "Expense_Tracker_By_Towhid\Expense_Tracker_By_Towhid.csproj", "{1E93BEDA-23CF-49C1-B3EE-3164ADA3E426}"
EndProject
Global
	GlobalSection(SolutionConfigurationPlatforms) = preSolution
		Debug|Any CPU = Debug|Any CPU
		Release|Any CPU = Release|Any CPU
	EndGlobalSection
	GlobalSection(ProjectConfigurationPlatforms) = postSolution
		{1E93BEDA-23CF-49C1-B3EE-3164ADA3E426}.Debug|Any CPU.ActiveCfg = Debug|Any CPU
		{1E93BEDA-23CF-49C1-B3EE-3164ADA3E426}.Debug|Any CPU.Build.0 = Debug|Any CPU
		{1E93BEDA-23CF-49C1-B3EE-3164ADA3E426}.Release|Any CPU.ActiveCfg = Release|Any CPU
		{1E93BEDA-23CF-49C1-B3EE-3164ADA3E426}.Release|Any CPU.Build.0 = Release|Any CPU
	EndGlobalSection
	GlobalSection(SolutionProperties) = preSolution
		HideSolutionNode = FALSE
	EndGlobalSection
	GlobalSection(ExtensibilityGlobals) = postSolution
		SolutionGuid = {1DAE1E14-C71E-49DA-A087-2BA739052364}
	EndGlobalSection
EndGlobal
